
Microsoft Visual Studio Solution File, Format Version 12.00
# Visual Studio Version 17
VisualStudioVersion = 17.1.32319.34
MinimumVisualStudioVersion = 10.0.40219.1
Project("{9A19103F-16F7-4668-BE54-9A1E7A4F7556}") = "MadLibsProject", "testingagain\MadLibsProject.csproj", "{079A0D19-ED7C-43A4-A9C5-11FA2C1E68CC}"
EndProject
Global
	GlobalSection(SolutionConfigurationPlatforms) = preSolution
		Debug|Any CPU = Debug|Any CPU
		Release|Any CPU = Release|Any CPU
	EndGlobalSection
	GlobalSection(ProjectConfigurationPlatforms) = postSolution
		{079A0D19-ED7C-43A4-A9C5-11FA2C1E68CC}.Debug|Any CPU.ActiveCfg = Debug|Any CPU
		{079A0D19-ED7C-43A4-A9C5-11FA2C1E68CC}.Debug|Any CPU.Build.0 = Debug|Any CPU
		{079A0D19-ED7C-43A4-A9C5-11FA2C1E68CC}.Release|Any CPU.ActiveCfg = Release|Any CPU
		{079A0D19-ED7C-43A4-A9C5-11FA2C1E68CC}.Release|Any CPU.Build.0 = Release|Any CPU
	EndGlobalSection
	GlobalSection(SolutionProperties) = preSolution
		HideSolutionNode = FALSE
	EndGlobalSection
	GlobalSection(ExtensibilityGlobals) = postSolution
		SolutionGuid = {9D176FAA-B6E5-4358-8367-3024520C2C6C}
	EndGlobalSection
EndGlobal
